
Microsoft Visual Studio Solution File, Format Version 12.00
# Visual Studio Version 17
VisualStudioVersion = 17.0.32014.148
MinimumVisualStudioVersion = 10.0.40219.1
Project("{FAE04EC0-301F-11D3-BF4B-00C04F79EFBC}") = "wordleconsole", "wordleconsole\wordleconsole.csproj", "{7B18FBD5-4C08-45E3-A436-2AE70242DA09}"
EndProject
Global
	GlobalSection(SolutionConfigurationPlatforms) = preSolution
		Debug|Any CPU = Debug|Any CPU
		Release|Any CPU = Release|Any CPU
	EndGlobalSection
	GlobalSection(ProjectConfigurationPlatforms) = postSolution
		{7B18FBD5-4C08-45E3-A436-2AE70242DA09}.Debug|Any CPU.ActiveCfg = Debug|Any CPU
		{7B18FBD5-4C08-45E3-A436-2AE70242DA09}.Debug|Any CPU.Build.0 = Debug|Any CPU
		{7B18FBD5-4C08-45E3-A436-2AE70242DA09}.Release|Any CPU.ActiveCfg = Release|Any CPU
		{7B18FBD5-4C08-45E3-A436-2AE70242DA09}.Release|Any CPU.Build.0 = Release|Any CPU
	EndGlobalSection
	GlobalSection(SolutionProperties) = preSolution
		HideSolutionNode = FALSE
	EndGlobalSection
	GlobalSection(ExtensibilityGlobals) = postSolution
		SolutionGuid = {5964F51B-9339-4424-AFBA-24E406E850DF}
	EndGlobalSection
EndGlobal
